{
  "lockfileVersion": 2,
  "configVersion": 1,
  "workspaces": {
    "": {
      "name": "@ton-anywhere/omp-handoff-switch",
      "dependencies": {
        "@oh-my-pi/pi-utils": "18.2.11",
      },
    },
  },
  "packages": {
    "@oh-my-pi/pi-natives": ["@oh-my-pi/pi-natives@18.2.11", "", { "optionalDependencies": { "@oh-my-pi/pi-natives-darwin-arm64": "18.2.11", "@oh-my-pi/pi-natives-darwin-x64": "18.2.11", "@oh-my-pi/pi-natives-linux-arm64": "18.2.11", "@oh-my-pi/pi-natives-linux-x64": "18.2.11", "@oh-my-pi/pi-natives-win32-arm64": "18.2.11", "@oh-my-pi/pi-natives-win32-x64": "18.2.11" } }, "sha512-gfZRfPEDqrl7XYJCFaAnAaN4/RqRYDu/sbpZ+8BDpL2az/0nk4xc1JKxqFnt1QlsYu87w+mqa8K1Bm9mk8UI3A=="],

    "@oh-my-pi/pi-natives-darwin-arm64": ["@oh-my-pi/pi-natives-darwin-arm64@18.2.11", "", { "os": "darwin", "cpu": "arm64" }, "sha512-G65KTGCed6AL72Gsps3eTEkf1uxC/X3G7ZOxYm/G9IbMp4Y/t+owfcc0L/gusQ3XzUc768aVQARN99sgVn9zfw=="],

    "@oh-my-pi/pi-natives-darwin-x64": ["@oh-my-pi/pi-natives-darwin-x64@18.2.11", "", { "os": "darwin", "cpu": "x64" }, "sha512-JF1fnGe4vWLAJGU0dJCI7qtILhifWncD4QLEbO1Y3JtT9ukVTVbw1y7nLZtLQ5qHtpAKdxyP7TDKFZdIhnF3pg=="],

    "@oh-my-pi/pi-natives-linux-arm64": ["@oh-my-pi/pi-natives-linux-arm64@18.2.11", "", { "os": "linux", "cpu": "arm64" }, "sha512-yHEfoLUfoiO90rtlj8PuvrRQtbrI3L2qhucTeGO/OdBsXb4SBZduJIgZNCZzzIR4tCCGrVtj/ebmWYUyau59YA=="],

    "@oh-my-pi/pi-natives-linux-x64": ["@oh-my-pi/pi-natives-linux-x64@18.2.11", "", { "os": "linux", "cpu": "x64" }, "sha512-Az6HRAwbYnt5jceTobbC/igclmcOM/ZFMphUgr/Xc+5+MlzUOxey8OloLxPKiiSYlNxMyR7XjM+lLQKC+i7P4A=="],

    "@oh-my-pi/pi-natives-win32-arm64": ["@oh-my-pi/pi-natives-win32-arm64@18.2.11", "", { "os": "win32", "cpu": "arm64" }, "sha512-pYDh9ROrcih+kEiDbTJAT59O3qSPEXRNZoBeYPPGn9iv/nHG9MMmaK5UYv+/OY4nInQgnU0+qp/vMbIYRPsJWw=="],

    "@oh-my-pi/pi-natives-win32-x64": ["@oh-my-pi/pi-natives-win32-x64@18.2.11", "", { "os": "win32", "cpu": "x64" }, "sha512-+cy1lQh6NHHLr+EDnU8Ews1ntAiUmlQgovAS6P90aBrXed5lX/DqPZ5UTiy4GO37wXduWZvHoxdB3GRsBfTU4A=="],

    "@oh-my-pi/pi-utils": ["@oh-my-pi/pi-utils@18.2.11", "", { "dependencies": { "@oh-my-pi/pi-natives": "18.2.11" } }, "sha512-7nyqixvJcNkStEKTpN1asT50NQFvOZQf+kFKDwSQW6Q14+5XJUBEcR/RM7sq16aSqHCqy7n7+t+IsLIVtHZBoQ=="],
  }
}
